
Microsoft Visual Studio Solution File, Format Version 12.00
# Visual Studio Version 16
VisualStudioVersion = 16.0.31911.196
MinimumVisualStudioVersion = 10.0.40219.1
Project("{FAE04EC0-301F-11D3-BF4B-00C04F79EFBC}") = "Audio Prototype", "Audio Prototype\Audio Prototype.csproj", "{9EB25E91-9BE5-454A-A626-5ABF369A93C1}"
EndProject
Global
	GlobalSection(SolutionConfigurationPlatforms) = preSolution
		Debug|Any CPU = Debug|Any CPU
		Release|Any CPU = Release|Any CPU
	EndGlobalSection
	GlobalSection(ProjectConfigurationPlatforms) = postSolution
		{9EB25E91-9BE5-454A-A626-5ABF369A93C1}.Debug|Any CPU.ActiveCfg = Debug|Any CPU
		{9EB25E91-9BE5-454A-A626-5ABF369A93C1}.Debug|Any CPU.Build.0 = Debug|Any CPU
		{9EB25E91-9BE5-454A-A626-5ABF369A93C1}.Release|Any CPU.ActiveCfg = Release|Any CPU
		{9EB25E91-9BE5-454A-A626-5ABF369A93C1}.Release|Any CPU.Build.0 = Release|Any CPU
	EndGlobalSection
	GlobalSection(SolutionProperties) = preSolution
		HideSolutionNode = FALSE
	EndGlobalSection
	GlobalSection(ExtensibilityGlobals) = postSolution
		SolutionGuid = {EFDCB506-2743-4300-9ADE-75BB2F7F220A}
	EndGlobalSection
EndGlobal
