
Microsoft Visual Studio Solution File, Format Version 12.00
# Visual Studio Version 16
VisualStudioVersion = 16.0.31911.196
MinimumVisualStudioVersion = 10.0.40219.1
Project("{FAE04EC0-301F-11D3-BF4B-00C04F79EFBC}") = "Sqlite Open Database Connection", "Sqlite Open Database Connection\Sqlite Open Database Connection.csproj", "{B4C4647E-7518-4E7E-930C-723C225FA958}"
EndProject
Global
	GlobalSection(SolutionConfigurationPlatforms) = preSolution
		Debug|Any CPU = Debug|Any CPU
		Release|Any CPU = Release|Any CPU
	EndGlobalSection
	GlobalSection(ProjectConfigurationPlatforms) = postSolution
		{B4C4647E-7518-4E7E-930C-723C225FA958}.Debug|Any CPU.ActiveCfg = Debug|Any CPU
		{B4C4647E-7518-4E7E-930C-723C225FA958}.Debug|Any CPU.Build.0 = Debug|Any CPU
		{B4C4647E-7518-4E7E-930C-723C225FA958}.Release|Any CPU.ActiveCfg = Release|Any CPU
		{B4C4647E-7518-4E7E-930C-723C225FA958}.Release|Any CPU.Build.0 = Release|Any CPU
	EndGlobalSection
	GlobalSection(SolutionProperties) = preSolution
		HideSolutionNode = FALSE
	EndGlobalSection
	GlobalSection(ExtensibilityGlobals) = postSolution
		SolutionGuid = {39E8C9FB-CD24-4B3E-9D01-5DE4394C25BC}
	EndGlobalSection
EndGlobal
